<?xml version="1.0" encoding="utf-8"?>
<Project ToolsVersion="4.0" xmlns="http://schemas.microsoft.com/developer/msbuild/2003">
  <ItemGroup>
    <Filter Include="Source Files">
      <UniqueIdentifier>{4FC737F1-C7A5-4376-A066-2A32D752A2FF}</UniqueIdentifier>
      <Extensions>cpp;c;cc;cxx;def;odl;idl;hpj;bat;asm;asmx</Extensions>
    </Filter>
    <Filter Include="Header Files">
      <UniqueIdentifier>{93995380-89BD-4b04-88EB-625FBE52EBFB}</UniqueIdentifier>
      <Extensions>h;hpp;hxx;hm;inl;inc;xsd</Extensions>
    </Filter>
    <Filter Include="Resource Files">
      <UniqueIdentifier>{67DA6AB6-F800-4c08-8B7A-83BB121AAD01}</UniqueIdentifier>
      <Extensions>rc;ico;cur;bmp;dlg;rc2;rct;bin;rgs;gif;jpg;jpeg;jpe;resx;tiff;tif;png;wav;mfcribbon-ms</Extensions>
    </Filter>
  </ItemGroup>
  <ItemGroup>
    <ClCompile Include="..\fdk-aac\libAACenc\src\aacenc.cpp">
      <Filter>Source Files</Filter>
    </ClCompile>
    <ClCompile Include="..\fdk-aac\libAACenc\src\aacenc_lib.cpp">
      <Filter>Source Files</Filter>
    </ClCompile>
    <ClCompile Include="..\fdk-aac\libAACenc\src\aacenc_pns.cpp">
      <Filter>Source Files</Filter>
    </ClCompile>
    <ClCompile Include="..\fdk-aac\libAACenc\src\aacEnc_ram.cpp">
      <Filter>Source Files</Filter>
    </ClCompile>
    <ClCompile Include="..\fdk-aac\libAACenc\src\aacEnc_rom.cpp">
      <Filter>Source Files</Filter>
    </ClCompile>
    <ClCompile Include="..\fdk-aac\libAACenc\src\aacenc_tns.cpp">
      <Filter>Source Files</Filter>
    </ClCompile>
    <ClCompile Include="..\fdk-aac\libAACenc\src\adj_thr.cpp">
      <Filter>Source Files</Filter>
    </ClCompile>
    <ClCompile Include="..\fdk-aac\libAACenc\src\bandwidth.cpp">
      <Filter>Source Files</Filter>
    </ClCompile>
    <ClCompile Include="..\fdk-aac\libAACenc\src\band_nrg.cpp">
      <Filter>Source Files</Filter>
    </ClCompile>
    <ClCompile Include="..\fdk-aac\libAACenc\src\bitenc.cpp">
      <Filter>Source Files</Filter>
    </ClCompile>
    <ClCompile Include="..\fdk-aac\libAACenc\src\bit_cnt.cpp">
      <Filter>Source Files</Filter>
    </ClCompile>
    <ClCompile Include="..\fdk-aac\libAACenc\src\block_switch.cpp">
      <Filter>Source Files</Filter>
    </ClCompile>
    <ClCompile Include="..\fdk-aac\libAACenc\src\channel_map.cpp">
      <Filter>Source Files</Filter>
    </ClCompile>
    <ClCompile Include="..\fdk-aac\libAACenc\src\chaosmeasure.cpp">
      <Filter>Source Files</Filter>
    </ClCompile>
    <ClCompile Include="..\fdk-aac\libAACenc\src\dyn_bits.cpp">
      <Filter>Source Files</Filter>
    </ClCompile>
    <ClCompile Include="..\fdk-aac\libAACenc\src\grp_data.cpp">
      <Filter>Source Files</Filter>
    </ClCompile>
    <ClCompile Include="..\fdk-aac\libAACenc\src\intensity.cpp">
      <Filter>Source Files</Filter>
    </ClCompile>
    <ClCompile Include="..\fdk-aac\libAACenc\src\line_pe.cpp">
      <Filter>Source Files</Filter>
    </ClCompile>
    <ClCompile Include="..\fdk-aac\libAACenc\src\metadata_compressor.cpp">
      <Filter>Source Files</Filter>
    </ClCompile>
    <ClCompile Include="..\fdk-aac\libAACenc\src\metadata_main.cpp">
      <Filter>Source Files</Filter>
    </ClCompile>
    <ClCompile Include="..\fdk-aac\libAACenc\src\ms_stereo.cpp">
      <Filter>Source Files</Filter>
    </ClCompile>
    <ClCompile Include="..\fdk-aac\libAACenc\src\noisedet.cpp">
      <Filter>Source Files</Filter>
    </ClCompile>
    <ClCompile Include="..\fdk-aac\libAACenc\src\pnsparam.cpp">
      <Filter>Source Files</Filter>
    </ClCompile>
    <ClCompile Include="..\fdk-aac\libAACenc\src\pre_echo_control.cpp">
      <Filter>Source Files</Filter>
    </ClCompile>
    <ClCompile Include="..\fdk-aac\libAACenc\src\psy_configuration.cpp">
      <Filter>Source Files</Filter>
    </ClCompile>
    <ClCompile Include="..\fdk-aac\libAACenc\src\psy_main.cpp">
      <Filter>Source Files</Filter>
    </ClCompile>
    <ClCompile Include="..\fdk-aac\libAACenc\src\qc_main.cpp">
      <Filter>Source Files</Filter>
    </ClCompile>
    <ClCompile Include="..\fdk-aac\libAACenc\src\quantize.cpp">
      <Filter>Source Files</Filter>
    </ClCompile>
    <ClCompile Include="..\fdk-aac\libAACenc\src\sf_estim.cpp">
      <Filter>Source Files</Filter>
    </ClCompile>
    <ClCompile Include="..\fdk-aac\libAACenc\src\spreading.cpp">
      <Filter>Source Files</Filter>
    </ClCompile>
    <ClCompile Include="..\fdk-aac\libAACenc\src\tonality.cpp">
      <Filter>Source Files</Filter>
    </ClCompile>
    <ClCompile Include="..\fdk-aac\libAACenc\src\transform.cpp">
      <Filter>Source Files</Filter>
    </ClCompile>
    <ClCompile Include="..\fdk-aac\libFDK\src\autocorr2nd.cpp">
      <Filter>Source Files</Filter>
    </ClCompile>
    <ClCompile Include="..\fdk-aac\libFDK\src\dct.cpp">
      <Filter>Source Files</Filter>
    </ClCompile>
    <ClCompile Include="..\fdk-aac\libFDK\src\FDK_bitbuffer.cpp">
      <Filter>Source Files</Filter>
    </ClCompile>
    <ClCompile Include="..\fdk-aac\libFDK\src\FDK_core.cpp">
      <Filter>Source Files</Filter>
    </ClCompile>
    <ClCompile Include="..\fdk-aac\libFDK\src\FDK_crc.cpp">
      <Filter>Source Files</Filter>
    </ClCompile>
    <ClCompile Include="..\fdk-aac\libFDK\src\FDK_hybrid.cpp">
      <Filter>Source Files</Filter>
    </ClCompile>
    <ClCompile Include="..\fdk-aac\libFDK\src\FDK_tools_rom.cpp">
      <Filter>Source Files</Filter>
    </ClCompile>
    <ClCompile Include="..\fdk-aac\libFDK\src\FDK_trigFcts.cpp">
      <Filter>Source Files</Filter>
    </ClCompile>
    <ClCompile Include="..\fdk-aac\libFDK\src\fft.cpp">
      <Filter>Source Files</Filter>
    </ClCompile>
    <ClCompile Include="..\fdk-aac\libFDK\src\fft_rad2.cpp">
      <Filter>Source Files</Filter>
    </ClCompile>
    <ClCompile Include="..\fdk-aac\libFDK\src\fixpoint_math.cpp">
      <Filter>Source Files</Filter>
    </ClCompile>
    <ClCompile Include="..\fdk-aac\libFDK\src\mdct.cpp">
      <Filter>Source Files</Filter>
    </ClCompile>
    <ClCompile Include="..\fdk-aac\libFDK\src\qmf.cpp">
      <Filter>Source Files</Filter>
    </ClCompile>
    <ClCompile Include="..\fdk-aac\libFDK\src\scale.cpp">
      <Filter>Source Files</Filter>
    </ClCompile>
    <ClCompile Include="..\fdk-aac\libMpegTPEnc\src\tpenc_adif.cpp">
      <Filter>Source Files</Filter>
    </ClCompile>
    <ClCompile Include="..\fdk-aac\libMpegTPEnc\src\tpenc_adts.cpp">
      <Filter>Source Files</Filter>
    </ClCompile>
    <ClCompile Include="..\fdk-aac\libMpegTPEnc\src\tpenc_asc.cpp">
      <Filter>Source Files</Filter>
    </ClCompile>
    <ClCompile Include="..\fdk-aac\libMpegTPEnc\src\tpenc_latm.cpp">
      <Filter>Source Files</Filter>
    </ClCompile>
    <ClCompile Include="..\fdk-aac\libMpegTPEnc\src\tpenc_lib.cpp">
      <Filter>Source Files</Filter>
    </ClCompile>
    <ClCompile Include="..\fdk-aac\libSBRenc\src\bit_sbr.cpp">
      <Filter>Source Files</Filter>
    </ClCompile>
    <ClCompile Include="..\fdk-aac\libSBRenc\src\code_env.cpp">
      <Filter>Source Files</Filter>
    </ClCompile>
    <ClCompile Include="..\fdk-aac\libSBRenc\src\env_bit.cpp">
      <Filter>Source Files</Filter>
    </ClCompile>
    <ClCompile Include="..\fdk-aac\libSBRenc\src\env_est.cpp">
      <Filter>Source Files</Filter>
    </ClCompile>
    <ClCompile Include="..\fdk-aac\libSBRenc\src\fram_gen.cpp">
      <Filter>Source Files</Filter>
    </ClCompile>
    <ClCompile Include="..\fdk-aac\libSBRenc\src\invf_est.cpp">
      <Filter>Source Files</Filter>
    </ClCompile>
    <ClCompile Include="..\fdk-aac\libSBRenc\src\mh_det.cpp">
      <Filter>Source Files</Filter>
    </ClCompile>
    <ClCompile Include="..\fdk-aac\libSBRenc\src\nf_est.cpp">
      <Filter>Source Files</Filter>
    </ClCompile>
    <ClCompile Include="..\fdk-aac\libSBRenc\src\ps_bitenc.cpp">
      <Filter>Source Files</Filter>
    </ClCompile>
    <ClCompile Include="..\fdk-aac\libSBRenc\src\ps_encode.cpp">
      <Filter>Source Files</Filter>
    </ClCompile>
    <ClCompile Include="..\fdk-aac\libSBRenc\src\ps_main.cpp">
      <Filter>Source Files</Filter>
    </ClCompile>
    <ClCompile Include="..\fdk-aac\libSBRenc\src\resampler.cpp">
      <Filter>Source Files</Filter>
    </ClCompile>
    <ClCompile Include="..\fdk-aac\libSBRenc\src\sbrenc_freq_sca.cpp">
      <Filter>Source Files</Filter>
    </ClCompile>
    <ClCompile Include="..\fdk-aac\libSBRenc\src\sbr_encoder.cpp">
      <Filter>Source Files</Filter>
    </ClCompile>
    <ClCompile Include="..\fdk-aac\libSBRenc\src\sbr_misc.cpp">
      <Filter>Source Files</Filter>
    </ClCompile>
    <ClCompile Include="..\fdk-aac\libSBRenc\src\ton_corr.cpp">
      <Filter>Source Files</Filter>
    </ClCompile>
    <ClCompile Include="..\fdk-aac\libSBRenc\src\tran_det.cpp">
      <Filter>Source Files</Filter>
    </ClCompile>
    <ClCompile Include="..\fdk-aac\libSYS\src\genericStds.cpp">
      <Filter>Source Files</Filter>
    </ClCompile>
    <ClCompile Include="..\fdk-aac\libPCMutils\src\pcm_utils.cpp">
      <Filter>Source Files</Filter>
    </ClCompile>
    <ClCompile Include="..\fdk-aac\libSBRenc\src\sbrenc_ram.cpp">
      <Filter>Source Files</Filter>
    </ClCompile>
    <ClCompile Include="..\fdk-aac\libSBRenc\src\sbrenc_rom.cpp">
      <Filter>Source Files</Filter>
    </ClCompile>
    <ClCompile Include="..\fdk-aac\libSACenc\src\sacenc_bitstream.cpp">
      <Filter>Source Files</Filter>
    </ClCompile>
    <ClCompile Include="..\fdk-aac\libSACenc\src\sacenc_delay.cpp">
      <Filter>Source Files</Filter>
    </ClCompile>
    <ClCompile Include="..\fdk-aac\libSACenc\src\sacenc_dmx_tdom_enh.cpp">
      <Filter>Source Files</Filter>
    </ClCompile>
    <ClCompile Include="..\fdk-aac\libSACenc\src\sacenc_filter.cpp">
      <Filter>Source Files</Filter>
    </ClCompile>
    <ClCompile Include="..\fdk-aac\libSACenc\src\sacenc_framewindowing.cpp">
      <Filter>Source Files</Filter>
    </ClCompile>
    <ClCompile Include="..\fdk-aac\libSACenc\src\sacenc_huff_tab.cpp">
      <Filter>Source Files</Filter>
    </ClCompile>
    <ClCompile Include="..\fdk-aac\libSACenc\src\sacenc_lib.cpp">
      <Filter>Source Files</Filter>
    </ClCompile>
    <ClCompile Include="..\fdk-aac\libSACenc\src\sacenc_nlc_enc.cpp">
      <Filter>Source Files</Filter>
    </ClCompile>
    <ClCompile Include="..\fdk-aac\libSACenc\src\sacenc_onsetdetect.cpp">
      <Filter>Source Files</Filter>
    </ClCompile>
    <ClCompile Include="..\fdk-aac\libSACenc\src\sacenc_paramextract.cpp">
      <Filter>Source Files</Filter>
    </ClCompile>
    <ClCompile Include="..\fdk-aac\libSACenc\src\sacenc_staticgain.cpp">
      <Filter>Source Files</Filter>
    </ClCompile>
    <ClCompile Include="..\fdk-aac\libSACenc\src\sacenc_tree.cpp">
      <Filter>Source Files</Filter>
    </ClCompile>
    <ClCompile Include="..\fdk-aac\libSACenc\src\sacenc_vectorfunctions.cpp">
      <Filter>Source Files</Filter>
    </ClCompile>
    <ClCompile Include="..\fdk-aac\libAACenc\src\mps_main.cpp">
      <Filter>Source Files</Filter>
    </ClCompile>
    <ClCompile Include="..\fdk-aac\libSYS\src\syslib_channelMapDescr.cpp">
      <Filter>Source Files</Filter>
    </ClCompile>
    <ClCompile Include="..\fdk-aac\libFDK\src\FDK_matrixCalloc.cpp">
      <Filter>Source Files</Filter>
    </ClCompile>
    <ClCompile Include="..\fdk-aac\libFDK\src\FDK_lpc.cpp">
      <Filter>Source Files</Filter>
    </ClCompile>
  </ItemGroup>
  <ItemGroup>
    <ClInclude Include="..\fdk-aac\libAACenc\include\aacenc_lib.h">
      <Filter>Header Files</Filter>
    </ClInclude>
    <ClInclude Include="..\fdk-aac\libAACenc\src\aacenc.h">
      <Filter>Header Files</Filter>
    </ClInclude>
    <ClInclude Include="..\fdk-aac\libAACenc\src\aacenc_pns.h">
      <Filter>Header Files</Filter>
    </ClInclude>
    <ClInclude Include="..\fdk-aac\libAACenc\src\aacEnc_ram.h">
      <Filter>Header Files</Filter>
    </ClInclude>
    <ClInclude Include="..\fdk-aac\libAACenc\src\aacEnc_rom.h">
      <Filter>Header Files</Filter>
    </ClInclude>
    <ClInclude Include="..\fdk-aac\libAACenc\src\aacenc_tns.h">
      <Filter>Header Files</Filter>
    </ClInclude>
    <ClInclude Include="..\fdk-aac\libAACenc\src\adj_thr.h">
      <Filter>Header Files</Filter>
    </ClInclude>
    <ClInclude Include="..\fdk-aac\libAACenc\src\adj_thr_data.h">
      <Filter>Header Files</Filter>
    </ClInclude>
    <ClInclude Include="..\fdk-aac\libAACenc\src\bandwidth.h">
      <Filter>Header Files</Filter>
    </ClInclude>
    <ClInclude Include="..\fdk-aac\libAACenc\src\band_nrg.h">
      <Filter>Header Files</Filter>
    </ClInclude>
    <ClInclude Include="..\fdk-aac\libAACenc\src\bitenc.h">
      <Filter>Header Files</Filter>
    </ClInclude>
    <ClInclude Include="..\fdk-aac\libAACenc\src\bit_cnt.h">
      <Filter>Header Files</Filter>
    </ClInclude>
    <ClInclude Include="..\fdk-aac\libAACenc\src\block_switch.h">
      <Filter>Header Files</Filter>
    </ClInclude>
    <ClInclude Include="..\fdk-aac\libAACenc\src\channel_map.h">
      <Filter>Header Files</Filter>
    </ClInclude>
    <ClInclude Include="..\fdk-aac\libAACenc\src\chaosmeasure.h">
      <Filter>Header Files</Filter>
    </ClInclude>
    <ClInclude Include="..\fdk-aac\libAACenc\src\dyn_bits.h">
      <Filter>Header Files</Filter>
    </ClInclude>
    <ClInclude Include="..\fdk-aac\libAACenc\src\grp_data.h">
      <Filter>Header Files</Filter>
    </ClInclude>
    <ClInclude Include="..\fdk-aac\libAACenc\src\intensity.h">
      <Filter>Header Files</Filter>
    </ClInclude>
    <ClInclude Include="..\fdk-aac\libAACenc\src\interface.h">
      <Filter>Header Files</Filter>
    </ClInclude>
    <ClInclude Include="..\fdk-aac\libAACenc\src\line_pe.h">
      <Filter>Header Files</Filter>
    </ClInclude>
    <ClInclude Include="..\fdk-aac\libAACenc\src\metadata_compressor.h">
      <Filter>Header Files</Filter>
    </ClInclude>
    <ClInclude Include="..\fdk-aac\libAACenc\src\metadata_main.h">
      <Filter>Header Files</Filter>
    </ClInclude>
    <ClInclude Include="..\fdk-aac\libAACenc\src\ms_stereo.h">
      <Filter>Header Files</Filter>
    </ClInclude>
    <ClInclude Include="..\fdk-aac\libAACenc\src\noisedet.h">
      <Filter>Header Files</Filter>
    </ClInclude>
    <ClInclude Include="..\fdk-aac\libAACenc\src\pnsparam.h">
      <Filter>Header Files</Filter>
    </ClInclude>
    <ClInclude Include="..\fdk-aac\libAACenc\src\pns_func.h">
      <Filter>Header Files</Filter>
    </ClInclude>
    <ClInclude Include="..\fdk-aac\libAACenc\src\pre_echo_control.h">
      <Filter>Header Files</Filter>
    </ClInclude>
    <ClInclude Include="..\fdk-aac\libAACenc\src\psy_configuration.h">
      <Filter>Header Files</Filter>
    </ClInclude>
    <ClInclude Include="..\fdk-aac\libAACenc\src\psy_const.h">
      <Filter>Header Files</Filter>
    </ClInclude>
    <ClInclude Include="..\fdk-aac\libAACenc\src\psy_data.h">
      <Filter>Header Files</Filter>
    </ClInclude>
    <ClInclude Include="..\fdk-aac\libAACenc\src\psy_main.h">
      <Filter>Header Files</Filter>
    </ClInclude>
    <ClInclude Include="..\fdk-aac\libAACenc\src\qc_data.h">
      <Filter>Header Files</Filter>
    </ClInclude>
    <ClInclude Include="..\fdk-aac\libAACenc\src\qc_main.h">
      <Filter>Header Files</Filter>
    </ClInclude>
    <ClInclude Include="..\fdk-aac\libAACenc\src\quantize.h">
      <Filter>Header Files</Filter>
    </ClInclude>
    <ClInclude Include="..\fdk-aac\libAACenc\src\sf_estim.h">
      <Filter>Header Files</Filter>
    </ClInclude>
    <ClInclude Include="..\fdk-aac\libAACenc\src\spreading.h">
      <Filter>Header Files</Filter>
    </ClInclude>
    <ClInclude Include="..\fdk-aac\libAACenc\src\tns_func.h">
      <Filter>Header Files</Filter>
    </ClInclude>
    <ClInclude Include="..\fdk-aac\libAACenc\src\tonality.h">
      <Filter>Header Files</Filter>
    </ClInclude>
    <ClInclude Include="..\fdk-aac\libAACenc\src\transform.h">
      <Filter>Header Files</Filter>
    </ClInclude>
    <ClInclude Include="..\fdk-aac\libFDK\include\abs.h">
      <Filter>Header Files</Filter>
    </ClInclude>
    <ClInclude Include="..\fdk-aac\libFDK\include\autocorr2nd.h">
      <Filter>Header Files</Filter>
    </ClInclude>
    <ClInclude Include="..\fdk-aac\libFDK\include\clz.h">
      <Filter>Header Files</Filter>
    </ClInclude>
    <ClInclude Include="..\fdk-aac\libFDK\include\common_fix.h">
      <Filter>Header Files</Filter>
    </ClInclude>
    <ClInclude Include="..\fdk-aac\libFDK\include\cplx_mul.h">
      <Filter>Header Files</Filter>
    </ClInclude>
    <ClInclude Include="..\fdk-aac\libFDK\include\dct.h">
      <Filter>Header Files</Filter>
    </ClInclude>
    <ClInclude Include="..\fdk-aac\libFDK\include\FDK_archdef.h">
      <Filter>Header Files</Filter>
    </ClInclude>
    <ClInclude Include="..\fdk-aac\libFDK\include\FDK_bitbuffer.h">
      <Filter>Header Files</Filter>
    </ClInclude>
    <ClInclude Include="..\fdk-aac\libFDK\include\FDK_bitstream.h">
      <Filter>Header Files</Filter>
    </ClInclude>
    <ClInclude Include="..\fdk-aac\libFDK\include\FDK_core.h">
      <Filter>Header Files</Filter>
    </ClInclude>
    <ClInclude Include="..\fdk-aac\libFDK\include\FDK_crc.h">
      <Filter>Header Files</Filter>
    </ClInclude>
    <ClInclude Include="..\fdk-aac\libFDK\include\FDK_hybrid.h">
      <Filter>Header Files</Filter>
    </ClInclude>
    <ClInclude Include="..\fdk-aac\libFDK\include\FDK_tools_rom.h">
      <Filter>Header Files</Filter>
    </ClInclude>
    <ClInclude Include="..\fdk-aac\libFDK\include\FDK_trigFcts.h">
      <Filter>Header Files</Filter>
    </ClInclude>
    <ClInclude Include="..\fdk-aac\libFDK\include\fft.h">
      <Filter>Header Files</Filter>
    </ClInclude>
    <ClInclude Include="..\fdk-aac\libFDK\include\fft_rad2.h">
      <Filter>Header Files</Filter>
    </ClInclude>
    <ClInclude Include="..\fdk-aac\libFDK\include\fixmadd.h">
      <Filter>Header Files</Filter>
    </ClInclude>
    <ClInclude Include="..\fdk-aac\libFDK\include\fixminmax.h">
      <Filter>Header Files</Filter>
    </ClInclude>
    <ClInclude Include="..\fdk-aac\libFDK\include\fixmul.h">
      <Filter>Header Files</Filter>
    </ClInclude>
    <ClInclude Include="..\fdk-aac\libFDK\include\fixpoint_math.h">
      <Filter>Header Files</Filter>
    </ClInclude>
    <ClInclude Include="..\fdk-aac\libFDK\include\mdct.h">
      <Filter>Header Files</Filter>
    </ClInclude>
    <ClInclude Include="..\fdk-aac\libFDK\include\qmf.h">
      <Filter>Header Files</Filter>
    </ClInclude>
    <ClInclude Include="..\fdk-aac\libFDK\include\scale.h">
      <Filter>Header Files</Filter>
    </ClInclude>
    <ClInclude Include="..\fdk-aac\libFDK\include\scramble.h">
      <Filter>Header Files</Filter>
    </ClInclude>
    <ClInclude Include="..\fdk-aac\libFDK\include\x86\abs_x86.h">
      <Filter>Header Files</Filter>
    </ClInclude>
    <ClInclude Include="..\fdk-aac\libFDK\include\x86\clz_x86.h">
      <Filter>Header Files</Filter>
    </ClInclude>
    <ClInclude Include="..\fdk-aac\libFDK\include\x86\fixmul_x86.h">
      <Filter>Header Files</Filter>
    </ClInclude>
    <ClInclude Include="..\fdk-aac\libMpegTPEnc\include\mpegFileWrite.h">
      <Filter>Header Files</Filter>
    </ClInclude>
    <ClInclude Include="..\fdk-aac\libMpegTPEnc\include\tpenc_lib.h">
      <Filter>Header Files</Filter>
    </ClInclude>
    <ClInclude Include="..\fdk-aac\libMpegTPEnc\include\tp_data.h">
      <Filter>Header Files</Filter>
    </ClInclude>
    <ClInclude Include="..\fdk-aac\libMpegTPEnc\src\tpenc_adif.h">
      <Filter>Header Files</Filter>
    </ClInclude>
    <ClInclude Include="..\fdk-aac\libMpegTPEnc\src\tpenc_adts.h">
      <Filter>Header Files</Filter>
    </ClInclude>
    <ClInclude Include="..\fdk-aac\libMpegTPEnc\src\tpenc_asc.h">
      <Filter>Header Files</Filter>
    </ClInclude>
    <ClInclude Include="..\fdk-aac\libMpegTPEnc\src\tpenc_latm.h">
      <Filter>Header Files</Filter>
    </ClInclude>
    <ClInclude Include="..\fdk-aac\libPCMutils\include\pcmutils_lib.h">
      <Filter>Header Files</Filter>
    </ClInclude>
    <ClInclude Include="..\fdk-aac\libSBRenc\include\sbr_encoder.h">
      <Filter>Header Files</Filter>
    </ClInclude>
    <ClInclude Include="..\fdk-aac\libSBRenc\src\bit_sbr.h">
      <Filter>Header Files</Filter>
    </ClInclude>
    <ClInclude Include="..\fdk-aac\libSBRenc\src\cmondata.h">
      <Filter>Header Files</Filter>
    </ClInclude>
    <ClInclude Include="..\fdk-aac\libSBRenc\src\code_env.h">
      <Filter>Header Files</Filter>
    </ClInclude>
    <ClInclude Include="..\fdk-aac\libSBRenc\src\env_bit.h">
      <Filter>Header Files</Filter>
    </ClInclude>
    <ClInclude Include="..\fdk-aac\libSBRenc\src\env_est.h">
      <Filter>Header Files</Filter>
    </ClInclude>
    <ClInclude Include="..\fdk-aac\libSBRenc\src\fram_gen.h">
      <Filter>Header Files</Filter>
    </ClInclude>
    <ClInclude Include="..\fdk-aac\libSBRenc\src\invf_est.h">
      <Filter>Header Files</Filter>
    </ClInclude>
    <ClInclude Include="..\fdk-aac\libSBRenc\src\mh_det.h">
      <Filter>Header Files</Filter>
    </ClInclude>
    <ClInclude Include="..\fdk-aac\libSBRenc\src\nf_est.h">
      <Filter>Header Files</Filter>
    </ClInclude>
    <ClInclude Include="..\fdk-aac\libSBRenc\src\ps_bitenc.h">
      <Filter>Header Files</Filter>
    </ClInclude>
    <ClInclude Include="..\fdk-aac\libSBRenc\src\ps_const.h">
      <Filter>Header Files</Filter>
    </ClInclude>
    <ClInclude Include="..\fdk-aac\libSBRenc\src\ps_encode.h">
      <Filter>Header Files</Filter>
    </ClInclude>
    <ClInclude Include="..\fdk-aac\libSBRenc\src\ps_main.h">
      <Filter>Header Files</Filter>
    </ClInclude>
    <ClInclude Include="..\fdk-aac\libSBRenc\src\resampler.h">
      <Filter>Header Files</Filter>
    </ClInclude>
    <ClInclude Include="..\fdk-aac\libSBRenc\src\sbr.h">
      <Filter>Header Files</Filter>
    </ClInclude>
    <ClInclude Include="..\fdk-aac\libSBRenc\src\sbrenc_freq_sca.h">
      <Filter>Header Files</Filter>
    </ClInclude>
    <ClInclude Include="..\fdk-aac\libSBRenc\src\sbr_def.h">
      <Filter>Header Files</Filter>
    </ClInclude>
    <ClInclude Include="..\fdk-aac\libSBRenc\src\sbr_misc.h">
      <Filter>Header Files</Filter>
    </ClInclude>
    <ClInclude Include="..\fdk-aac\libSBRenc\src\sbr_ram.h">
      <Filter>Header Files</Filter>
    </ClInclude>
    <ClInclude Include="..\fdk-aac\libSBRenc\src\sbr_rom.h">
      <Filter>Header Files</Filter>
    </ClInclude>
    <ClInclude Include="..\fdk-aac\libSBRenc\src\ton_corr.h">
      <Filter>Header Files</Filter>
    </ClInclude>
    <ClInclude Include="..\fdk-aac\libSBRenc\src\tran_det.h">
      <Filter>Header Files</Filter>
    </ClInclude>
    <ClInclude Include="..\fdk-aac\libSYS\include\audio.h">
      <Filter>Header Files</Filter>
    </ClInclude>
    <ClInclude Include="..\fdk-aac\libSYS\include\cmdl_parser.h">
      <Filter>Header Files</Filter>
    </ClInclude>
    <ClInclude Include="..\fdk-aac\libSYS\include\conv_string.h">
      <Filter>Header Files</Filter>
    </ClInclude>
    <ClInclude Include="..\fdk-aac\libSYS\include\FDK_audio.h">
      <Filter>Header Files</Filter>
    </ClInclude>
    <ClInclude Include="..\fdk-aac\libSYS\include\genericStds.h">
      <Filter>Header Files</Filter>
    </ClInclude>
    <ClInclude Include="..\fdk-aac\libSYS\include\machine_type.h">
      <Filter>Header Files</Filter>
    </ClInclude>
    <ClInclude Include="..\fdk-aac\libSYS\include\wav_file.h">
      <Filter>Header Files</Filter>
    </ClInclude>
  </ItemGroup>
</Project>
